
Microsoft Visual Studio Solution File, Format Version 12.00
# Visual Studio Version 17
VisualStudioVersion = 17.8.34525.116
MinimumVisualStudioVersion = 10.0.40219.1
Project("{9A19103F-16F7-4668-BE54-9A1E7A4F7556}") = "Talon.Orleans.HelloWorld.Common", "Talon.Orleans.HelloWorld.Common\Talon.Orleans.HelloWorld.Common.csproj", "{3B9DB78E-FDC4-4F91-9A6A-025CB4849163}"
EndProject
Project("{9A19103F-16F7-4668-BE54-9A1E7A4F7556}") = "Talon.Orleans.HelloWorld.Grains", "Talon.Orleans.HelloWorld.Grains\Talon.Orleans.HelloWorld.Grains.csproj", "{AE4EF896-0804-4FCA-8EC4-4AC26D6859A3}"
EndProject
Project("{9A19103F-16F7-4668-BE54-9A1E7A4F7556}") = "Talon.Orleans.HelloWorld.Client", "Talon.Orleans.HelloWorld.Client\Talon.Orleans.HelloWorld.Client.csproj", "{4CC0F883-AD68-489B-81F6-3AD1BAB9F60D}"
EndProject
Project("{9A19103F-16F7-4668-BE54-9A1E7A4F7556}") = "Talon.Orleans.HelloWorld.ServerHost", "Talon.Orleans.HelloWorld.ServerHost\Talon.Orleans.HelloWorld.ServerHost.csproj", "{A86B95DF-9969-4491-9A9E-CA406989B9B8}"
EndProject
Project("{2150E333-8FDC-42A3-9474-1A3956D46DE8}") = "Solution Items", "Solution Items", "{F5B91E1C-1831-49F7-849D-E9EBFB7B17AC}"
	ProjectSection(SolutionItems) = preProject
		.editorconfig = .editorconfig
	EndProjectSection
EndProject
Global
	GlobalSection(SolutionConfigurationPlatforms) = preSolution
		Debug|Any CPU = Debug|Any CPU
		Release|Any CPU = Release|Any CPU
	EndGlobalSection
	GlobalSection(ProjectConfigurationPlatforms) = postSolution
		{3B9DB78E-FDC4-4F91-9A6A-025CB4849163}.Debug|Any CPU.ActiveCfg = Debug|Any CPU
		{3B9DB78E-FDC4-4F91-9A6A-025CB4849163}.Debug|Any CPU.Build.0 = Debug|Any CPU
		{3B9DB78E-FDC4-4F91-9A6A-025CB4849163}.Release|Any CPU.ActiveCfg = Release|Any CPU
		{3B9DB78E-FDC4-4F91-9A6A-025CB4849163}.Release|Any CPU.Build.0 = Release|Any CPU
		{AE4EF896-0804-4FCA-8EC4-4AC26D6859A3}.Debug|Any CPU.ActiveCfg = Debug|Any CPU
		{AE4EF896-0804-4FCA-8EC4-4AC26D6859A3}.Debug|Any CPU.Build.0 = Debug|Any CPU
		{AE4EF896-0804-4FCA-8EC4-4AC26D6859A3}.Release|Any CPU.ActiveCfg = Release|Any CPU
		{AE4EF896-0804-4FCA-8EC4-4AC26D6859A3}.Release|Any CPU.Build.0 = Release|Any CPU
		{4CC0F883-AD68-489B-81F6-3AD1BAB9F60D}.Debug|Any CPU.ActiveCfg = Debug|Any CPU
		{4CC0F883-AD68-489B-81F6-3AD1BAB9F60D}.Debug|Any CPU.Build.0 = Debug|Any CPU
		{4CC0F883-AD68-489B-81F6-3AD1BAB9F60D}.Release|Any CPU.ActiveCfg = Release|Any CPU
		{4CC0F883-AD68-489B-81F6-3AD1BAB9F60D}.Release|Any CPU.Build.0 = Release|Any CPU
		{A86B95DF-9969-4491-9A9E-CA406989B9B8}.Debug|Any CPU.ActiveCfg = Debug|Any CPU
		{A86B95DF-9969-4491-9A9E-CA406989B9B8}.Debug|Any CPU.Build.0 = Debug|Any CPU
		{A86B95DF-9969-4491-9A9E-CA406989B9B8}.Release|Any CPU.ActiveCfg = Release|Any CPU
		{A86B95DF-9969-4491-9A9E-CA406989B9B8}.Release|Any CPU.Build.0 = Release|Any CPU
	EndGlobalSection
	GlobalSection(SolutionProperties) = preSolution
		HideSolutionNode = FALSE
	EndGlobalSection
	GlobalSection(ExtensibilityGlobals) = postSolution
		SolutionGuid = {04680312-4A86-4D8B-B179-F13B76A2F824}
	EndGlobalSection
EndGlobal
